// !$*UTF8*$!
{
	archiveVersion = 1;
	classes = {
	};
	objectVersion = 46;
	objects = {

/* Begin PBXBuildFile section */
		885F24761E21682800A2DD6C /* AppDelegate.swift in Sources */ = {isa = PBXBuildFile; fileRef = 885F24751E21682800A2DD6C /* AppDelegate.swift */; };
		885F24781E21682800A2DD6C /* ViewController.swift in Sources */ = {isa = PBXBuildFile; fileRef = 885F24771E21682800A2DD6C /* ViewController.swift */; };
		885F247B1E21682800A2DD6C /* Main.storyboard in Resources */ = {isa = PBXBuildFile; fileRef = 885F24791E21682800A2DD6C /* Main.storyboard */; };
		885F247D1E21682800A2DD6C /* Assets.xcassets in Resources */ = {isa = PBXBuildFile; fileRef = 885F247C1E21682800A2DD6C /* Assets.xcassets */; };
		885F24801E21682800A2DD6C /* LaunchScreen.storyboard in Resources */ = {isa = PBXBuildFile; fileRef = 885F247E1E21682800A2DD6C /* LaunchScreen.storyboard */; };
		885F248B1E21682800A2DD6C /* PokeDex3Tests.swift in Sources */ = {isa = PBXBuildFile; fileRef = 885F248A1E21682800A2DD6C /* PokeDex3Tests.swift */; };
		885F24961E21682800A2DD6C /* PokeDex3UITests.swift in Sources */ = {isa = PBXBuildFile; fileRef = 885F24951E21682800A2DD6C /* PokeDex3UITests.swift */; };
		885F24A41E216EFF00A2DD6C /* pokemon.csv in Resources */ = {isa = PBXBuildFile; fileRef = 885F24A31E216EFF00A2DD6C /* pokemon.csv */; };
/* End PBXBuildFile section */

/* Begin PBXContainerItemProxy section */
		885F24871E21682800A2DD6C /* PBXContainerItemProxy */ = {
			isa = PBXContainerItemProxy;
			containerPortal = 885F246A1E21682800A2DD6C /* Project object */;
			proxyType = 1;
			remoteGlobalIDString = 885F24711E21682800A2DD6C;
			remoteInfo = PokeDex3;
		};
		885F24921E21682800A2DD6C /* PBXContainerItemProxy */ = {
			isa = PBXContainerItemProxy;
			containerPortal = 885F246A1E21682800A2DD6C /* Project object */;
			proxyType = 1;
			remoteGlobalIDString = 885F24711E21682800A2DD6C;
			remoteInfo = PokeDex3;
		};
/* End PBXContainerItemProxy section */

/* Begin PBXFileReference section */
		885F24721E21682800A2DD6C /* PokeDex3.app */ = {isa = PBXFileReference; explicitFileType = wrapper.application; includeInIndex = 0; path = PokeDex3.app; sourceTree = BUILT_PRODUCTS_DIR; };
		885F24751E21682800A2DD6C /* AppDelegate.swift */ = {isa = PBXFileReference; lastKnownFileType = sourcecode.swift; path = AppDelegate.swift; sourceTree = "<group>"; };
		885F24771E21682800A2DD6C /* ViewController.swift */ = {isa = PBXFileReference; lastKnownFileType = sourcecode.swift; path = ViewController.swift; sourceTree = "<group>"; };
		885F247A1E21682800A2DD6C /* Base */ = {isa = PBXFileReference; lastKnownFileType = file.storyboard; name = Base; path = Base.lproj/Main.storyboard; sourceTree = "<group>"; };
		885F247C1E21682800A2DD6C /* Assets.xcassets */ = {isa = PBXFileReference; lastKnownFileType = folder.assetcatalog; path = Assets.xcassets; sourceTree = "<group>"; };
		885F247F1E21682800A2DD6C /* Base */ = {isa = PBXFileReference; lastKnownFileType = file.storyboard; name = Base; path = Base.lproj/LaunchScreen.storyboard; sourceTree = "<group>"; };
		885F24811E21682800A2DD6C /* Info.plist */ = {isa = PBXFileReference; lastKnownFileType = text.plist.xml; path = Info.plist; sourceTree = "<group>"; };
		885F24861E21682800A2DD6C /* PokeDex3Tests.xctest */ = {isa = PBXFileReference; explicitFileType = wrapper.cfbundle; includeInIndex = 0; path = PokeDex3Tests.xctest; sourceTree = BUILT_PRODUCTS_DIR; };
		885F248A1E21682800A2DD6C /* PokeDex3Tests.swift */ = {isa = PBXFileReference; lastKnownFileType = sourcecode.swift; path = PokeDex3Tests.swift; sourceTree = "<group>"; };
		885F248C1E21682800A2DD6C /* Info.plist */ = {isa = PBXFileReference; lastKnownFileType = text.plist.xml; path = Info.plist; sourceTree = "<group>"; };
		885F24911E21682800A2DD6C /* PokeDex3UITests.xctest */ = {isa = PBXFileReference; explicitFileType = wrapper.cfbundle; includeInIndex = 0; path = PokeDex3UITests.xctest; sourceTree = BUILT_PRODUCTS_DIR; };
		885F24951E21682800A2DD6C /* PokeDex3UITests.swift */ = {isa = PBXFileReference; lastKnownFileType = sourcecode.swift; path = PokeDex3UITests.swift; sourceTree = "<group>"; };
		885F24971E21682800A2DD6C /* Info.plist */ = {isa = PBXFileReference; lastKnownFileType = text.plist.xml; path = Info.plist; sourceTree = "<group>"; };
		885F24A31E216EFF00A2DD6C /* pokemon.csv */ = {isa = PBXFileReference; fileEncoding = 4; lastKnownFileType = text; path = pokemon.csv; sourceTree = "<group>"; };
/* End PBXFileReference section */

/* Begin PBXFrameworksBuildPhase section */
		885F246F1E21682800A2DD6C /* Frameworks */ = {
			isa = PBXFrameworksBuildPhase;
			buildActionMask = 2147483647;
			files = (
			);
			runOnlyForDeploymentPostprocessing = 0;
		};
		885F24831E21682800A2DD6C /* Frameworks */ = {
			isa = PBXFrameworksBuildPhase;
			buildActionMask = 2147483647;
			files = (
			);
			runOnlyForDeploymentPostprocessing = 0;
		};
		885F248E1E21682800A2DD6C /* Frameworks */ = {
			isa = PBXFrameworksBuildPhase;
			buildActionMask = 2147483647;
			files = (
			);
			runOnlyForDeploymentPostprocessing = 0;
		};
/* End PBXFrameworksBuildPhase section */

/* Begin PBXGroup section */
		885F24691E21682800A2DD6C = {
			isa = PBXGroup;
			children = (
				885F24741E21682800A2DD6C /* PokeDex3 */,
				885F24891E21682800A2DD6C /* PokeDex3Tests */,
				885F24941E21682800A2DD6C /* PokeDex3UITests */,
				885F24731E21682800A2DD6C /* Products */,
			);
			sourceTree = "<group>";
		};
		885F24731E21682800A2DD6C /* Products */ = {
			isa = PBXGroup;
			children = (
				885F24721E21682800A2DD6C /* PokeDex3.app */,
				885F24861E21682800A2DD6C /* PokeDex3Tests.xctest */,
				885F24911E21682800A2DD6C /* PokeDex3UITests.xctest */,
			);
			name = Products;
			sourceTree = "<group>";
		};
		885F24741E21682800A2DD6C /* PokeDex3 */ = {
			isa = PBXGroup;
			children = (
				885F24751E21682800A2DD6C /* AppDelegate.swift */,
				885F24771E21682800A2DD6C /* ViewController.swift */,
				885F24791E21682800A2DD6C /* Main.storyboard */,
				885F247E1E21682800A2DD6C /* LaunchScreen.storyboard */,
				885F24811E21682800A2DD6C /* Info.plist */,
				885F24A31E216EFF00A2DD6C /* pokemon.csv */,
				885F247C1E21682800A2DD6C /* Assets.xcassets */,
			);
			path = PokeDex3;
			sourceTree = "<group>";
		};
		885F24891E21682800A2DD6C /* PokeDex3Tests */ = {
			isa = PBXGroup;
			children = (
				885F248A1E21682800A2DD6C /* PokeDex3Tests.swift */,
				885F248C1E21682800A2DD6C /* Info.plist */,
			);
			path = PokeDex3Tests;
			sourceTree = "<group>";
		};
		885F24941E21682800A2DD6C /* PokeDex3UITests */ = {
			isa = PBXGroup;
			children = (
				885F24951E21682800A2DD6C /* PokeDex3UITests.swift */,
				885F24971E21682800A2DD6C /* Info.plist */,
			);
			path = PokeDex3UITests;
			sourceTree = "<group>";
		};
/* End PBXGroup section */

/* Begin PBXNativeTarget section */
		885F24711E21682800A2DD6C /* PokeDex3 */ = {
			isa = PBXNativeTarget;
			buildConfigurationList = 885F249A1E21682800A2DD6C /* Build configuration list for PBXNativeTarget "PokeDex3" */;
			buildPhases = (
				885F246E1E21682800A2DD6C /* Sources */,
				885F246F1E21682800A2DD6C /* Frameworks */,
				885F24701E21682800A2DD6C /* Resources */,
			);
			buildRules = (
			);
			dependencies = (
			);
			name = PokeDex3;
			productName = PokeDex3;
			productReference = 885F24721E21682800A2DD6C /* PokeDex3.app */;
			productType = "com.apple.product-type.application";
		};
		885F24851E21682800A2DD6C /* PokeDex3Tests */ = {
			isa = PBXNativeTarget;
			buildConfigurationList = 885F249D1E21682800A2DD6C /* Build configuration list for PBXNativeTarget "PokeDex3Tests" */;
			buildPhases = (
				885F24821E21682800A2DD6C /* Sources */,
				885F24831E21682800A2DD6C /* Frameworks */,
				885F24841E21682800A2DD6C /* Resources */,
			);
			buildRules = (
			);
			dependencies = (
				885F24881E21682800A2DD6C /* PBXTargetDependency */,
			);
			name = PokeDex3Tests;
			productName = PokeDex3Tests;
			productReference = 885F24861E21682800A2DD6C /* PokeDex3Tests.xctest */;
			productType = "com.apple.product-type.bundle.unit-test";
		};
		885F24901E21682800A2DD6C /* PokeDex3UITests */ = {
			isa = PBXNativeTarget;
			buildConfigurationList = 885F24A01E21682800A2DD6C /* Build configuration list for PBXNativeTarget "PokeDex3UITests" */;
			buildPhases = (
				885F248D1E21682800A2DD6C /* Sources */,
				885F248E1E21682800A2DD6C /* Frameworks */,
				885F248F1E21682800A2DD6C /* Resources */,
			);
			buildRules = (
			);
			dependencies = (
				885F24931E21682800A2DD6C /* PBXTargetDependency */,
			);
			name = PokeDex3UITests;
			productName = PokeDex3UITests;
			productReference = 885F24911E21682800A2DD6C /* PokeDex3UITests.xctest */;
			productType = "com.apple.product-type.bundle.ui-testing";
		};
/* End PBXNativeTarget section */

/* Begin PBXProject section */
		885F246A1E21682800A2DD6C /* Project object */ = {
			isa = PBXProject;
			attributes = {
				LastSwiftUpdateCheck = 0820;
				LastUpgradeCheck = 0820;
				ORGANIZATIONNAME = Mcraf;
				TargetAttributes = {
					885F24711E21682800A2DD6C = {
						CreatedOnToolsVersion = 8.2.1;
						DevelopmentTeam = Y666D25B5Q;
						ProvisioningStyle = Automatic;
					};
					885F24851E21682800A2DD6C = {
						CreatedOnToolsVersion = 8.2.1;
						ProvisioningStyle = Automatic;
						TestTargetID = 885F24711E21682800A2DD6C;
					};
					885F24901E21682800A2DD6C = {
						CreatedOnToolsVersion = 8.2.1;
						ProvisioningStyle = Automatic;
						TestTargetID = 885F24711E21682800A2DD6C;
					};
				};
			};
			buildConfigurationList = 885F246D1E21682800A2DD6C /* Build configuration list for PBXProject "PokeDex3" */;
			compatibilityVersion = "Xcode 3.2";
			developmentRegion = English;
			hasScannedForEncodings = 0;
			knownRegions = (
				en,
				Base,
			);
			mainGroup = 885F24691E21682800A2DD6C;
			productRefGroup = 885F24731E21682800A2DD6C /* Products */;
			projectDirPath = "";
			projectRoot = "";
			targets = (
				885F24711E21682800A2DD6C /* PokeDex3 */,
				885F24851E21682800A2DD6C /* PokeDex3Tests */,
				885F24901E21682800A2DD6C /* PokeDex3UITests */,
			);
		};
/* End PBXProject section */

/* Begin PBXResourcesBuildPhase section */
		885F24701E21682800A2DD6C /* Resources */ = {
			isa = PBXResourcesBuildPhase;
			buildActionMask = 2147483647;
			files = (
				885F24801E21682800A2DD6C /* LaunchScreen.storyboard in Resources */,
				885F247D1E21682800A2DD6C /* Assets.xcassets in Resources */,
				885F24A41E216EFF00A2DD6C /* pokemon.csv in Resources */,
				885F247B1E21682800A2DD6C /* Main.storyboard in Resources */,
			);
			runOnlyForDeploymentPostprocessing = 0;
		};
		885F24841E21682800A2DD6C /* Resources */ = {
			isa = PBXResourcesBuildPhase;
			buildActionMask = 2147483647;
			files = (
			);
			runOnlyForDeploymentPostprocessing = 0;
		};
		885F248F1E21682800A2DD6C /* Resources */ = {
			isa = PBXResourcesBuildPhase;
			buildActionMask = 2147483647;
			files = (
			);
			runOnlyForDeploymentPostprocessing = 0;
		};
/* End PBXResourcesBuildPhase section */

/* Begin PBXSourcesBuildPhase section */
		885F246E1E21682800A2DD6C /* Sources */ = {
			isa = PBXSourcesBuildPhase;
			buildActionMask = 2147483647;
			files = (
				885F24781E21682800A2DD6C /* ViewController.swift in Sources */,
				885F24761E21682800A2DD6C /* AppDelegate.swift in Sources */,
			);
			runOnlyForDeploymentPostprocessing = 0;
		};
		885F24821E21682800A2DD6C /* Sources */ = {
			isa = PBXSourcesBuildPhase;
			buildActionMask = 2147483647;
			files = (
				885F248B1E21682800A2DD6C /* PokeDex3Tests.swift in Sources */,
			);
			runOnlyForDeploymentPostprocessing = 0;
		};
		885F248D1E21682800A2DD6C /* Sources */ = {
			isa = PBXSourcesBuildPhase;
			buildActionMask = 2147483647;
			files = (
				885F24961E21682800A2DD6C /* PokeDex3UITests.swift in Sources */,
			);
			runOnlyForDeploymentPostprocessing = 0;
		};
/* End PBXSourcesBuildPhase section */

/* Begin PBXTargetDependency section */
		885F24881E21682800A2DD6C /* PBXTargetDependency */ = {
			isa = PBXTargetDependency;
			target = 885F24711E21682800A2DD6C /* PokeDex3 */;
			targetProxy = 885F24871E21682800A2DD6C /* PBXContainerItemProxy */;
		};
		885F24931E21682800A2DD6C /* PBXTargetDependency */ = {
			isa = PBXTargetDependency;
			target = 885F24711E21682800A2DD6C /* PokeDex3 */;
			targetProxy = 885F24921E21682800A2DD6C /* PBXContainerItemProxy */;
		};
/* End PBXTargetDependency section */

/* Begin PBXVariantGroup section */
		885F24791E21682800A2DD6C /* Main.storyboard */ = {
			isa = PBXVariantGroup;
			children = (
				885F247A1E21682800A2DD6C /* Base */,
			);
			name = Main.storyboard;
			sourceTree = "<group>";
		};
		885F247E1E21682800A2DD6C /* LaunchScreen.storyboard */ = {
			isa = PBXVariantGroup;
			children = (
				885F247F1E21682800A2DD6C /* Base */,
			);
			name = LaunchScreen.storyboard;
			sourceTree = "<group>";
		};
/* End PBXVariantGroup section */

/* Begin XCBuildConfiguration section */
		885F24981E21682800A2DD6C /* Debug */ = {
			isa = XCBuildConfiguration;
			buildSettings = {
				ALWAYS_SEARCH_USER_PATHS = NO;
				CLANG_ANALYZER_NONNULL = YES;
				CLANG_CXX_LANGUAGE_STANDARD = "gnu++0x";
				CLANG_CXX_LIBRARY = "libc++";
				CLANG_ENABLE_MODULES = YES;
				CLANG_ENABLE_OBJC_ARC = YES;
				CLANG_WARN_BOOL_CONVERSION = YES;
				CLANG_WARN_CONSTANT_CONVERSION = YES;
				CLANG_WARN_DIRECT_OBJC_ISA_USAGE = YES_ERROR;
				CLANG_WARN_DOCUMENTATION_COMMENTS = YES;
				CLANG_WARN_EMPTY_BODY = YES;
				CLANG_WARN_ENUM_CONVERSION = YES;
				CLANG_WARN_INFINITE_RECURSION = YES;
				CLANG_WARN_INT_CONVERSION = YES;
				CLANG_WARN_OBJC_ROOT_CLASS = YES_ERROR;
				CLANG_WARN_SUSPICIOUS_MOVE = YES;
				CLANG_WARN_UNREACHABLE_CODE = YES;
				CLANG_WARN__DUPLICATE_METHOD_MATCH = YES;
				"CODE_SIGN_IDENTITY[sdk=iphoneos*]" = "iPhone Developer";
				COPY_PHASE_STRIP = NO;
				DEBUG_INFORMATION_FORMAT = dwarf;
				ENABLE_STRICT_OBJC_MSGSEND = YES;
				ENABLE_TESTABILITY = YES;
				GCC_C_LANGUAGE_STANDARD = gnu99;
				GCC_DYNAMIC_NO_PIC = NO;
				GCC_NO_COMMON_BLOCKS = YES;
				GCC_OPTIMIZATION_LEVEL = 0;
				GCC_PREPROCESSOR_DEFINITIONS = (
					"DEBUG=1",
					"$(inherited)",
				);
				GCC_WARN_64_TO_32_BIT_CONVERSION = YES;
				GCC_WARN_ABOUT_RETURN_TYPE = YES_ERROR;
				GCC_WARN_UNDECLARED_SELECTOR = YES;
				GCC_WARN_UNINITIALIZED_AUTOS = YES_AGGRESSIVE;
				GCC_WARN_UNUSED_FUNCTION = YES;
				GCC_WARN_UNUSED_VARIABLE = YES;
				IPHONEOS_DEPLOYMENT_TARGET = 10.2;
				MTL_ENABLE_DEBUG_INFO = YES;
				ONLY_ACTIVE_ARCH = YES;
				SDKROOT = iphoneos;
				SWIFT_ACTIVE_COMPILATION_CONDITIONS = DEBUG;
				SWIFT_OPTIMIZATION_LEVEL = "-Onone";
				TARGETED_DEVICE_FAMILY = "1,2";
			};
			name = Debug;
		};
		885F24991E21682800A2DD6C /* Release */ = {
			isa = XCBuildConfiguration;
			buildSettings = {
				ALWAYS_SEARCH_USER_PATHS = NO;
				CLANG_ANALYZER_NONNULL = YES;
				CLANG_CXX_LANGUAGE_STANDARD = "gnu++0x";
				CLANG_CXX_LIBRARY = "libc++";
				CLANG_ENABLE_MODULES = YES;
				CLANG_ENABLE_OBJC_ARC = YES;
				CLANG_WARN_BOOL_CONVERSION = YES;
				CLANG_WARN_CONSTANT_CONVERSION = YES;
				CLANG_WARN_DIRECT_OBJC_ISA_USAGE = YES_ERROR;
				CLANG_WARN_DOCUMENTATION_COMMENTS = YES;
				CLANG_WARN_EMPTY_BODY = YES;
				CLANG_WARN_ENUM_CONVERSION = YES;
				CLANG_WARN_INFINITE_RECURSION = YES;
				CLANG_WARN_INT_CONVERSION = YES;
				CLANG_WARN_OBJC_ROOT_CLASS = YES_ERROR;
				CLANG_WARN_SUSPICIOUS_MOVE = YES;
				CLANG_WARN_UNREACHABLE_CODE = YES;
				CLANG_WARN__DUPLICATE_METHOD_MATCH = YES;
				"CODE_SIGN_IDENTITY[sdk=iphoneos*]" = "iPhone Developer";
				COPY_PHASE_STRIP = NO;
				DEBUG_INFORMATION_FORMAT = "dwarf-with-dsym";
				ENABLE_NS_ASSERTIONS = NO;
				ENABLE_STRICT_OBJC_MSGSEND = YES;
				GCC_C_LANGUAGE_STANDARD = gnu99;
				GCC_NO_COMMON_BLOCKS = YES;
				GCC_WARN_64_TO_32_BIT_CONVERSION = YES;
				GCC_WARN_ABOUT_RETURN_TYPE = YES_ERROR;
				GCC_WARN_UNDECLARED_SELECTOR = YES;
				GCC_WARN_UNINITIALIZED_AUTOS = YES_AGGRESSIVE;
				GCC_WARN_UNUSED_FUNCTION = YES;
				GCC_WARN_UNUSED_VARIABLE = YES;
				IPHONEOS_DEPLOYMENT_TARGET = 10.2;
				MTL_ENABLE_DEBUG_INFO = NO;
				SDKROOT = iphoneos;
				SWIFT_OPTIMIZATION_LEVEL = "-Owholemodule";
				TARGETED_DEVICE_FAMILY = "1,2";
				VALIDATE_PRODUCT = YES;
			};
			name = Release;
		};
		885F249B1E21682800A2DD6C /* Debug */ = {
			isa = XCBuildConfiguration;
			buildSettings = {
				ASSETCATALOG_COMPILER_APPICON_NAME = AppIcon;
				DEVELOPMENT_TEAM = Y666D25B5Q;
				INFOPLIST_FILE = PokeDex3/Info.plist;
				LD_RUNPATH_SEARCH_PATHS = "$(inherited) @executable_path/Frameworks";
				PRODUCT_BUNDLE_IDENTIFIER = com.Mcraf.PokeDex3;
				PRODUCT_NAME = "$(TARGET_NAME)";
				SWIFT_VERSION = 3.0;
			};
			name = Debug;
		};
		885F249C1E21682800A2DD6C /* Release */ = {
			isa = XCBuildConfiguration;
			buildSettings = {
				ASSETCATALOG_COMPILER_APPICON_NAME = AppIcon;
				DEVELOPMENT_TEAM = Y666D25B5Q;
				INFOPLIST_FILE = PokeDex3/Info.plist;
				LD_RUNPATH_SEARCH_PATHS = "$(inherited) @executable_path/Frameworks";
				PRODUCT_BUNDLE_IDENTIFIER = com.Mcraf.PokeDex3;
				PRODUCT_NAME = "$(TARGET_NAME)";
				SWIFT_VERSION = 3.0;
			};
			name = Release;
		};
		885F249E1E21682800A2DD6C /* Debug */ = {
			isa = XCBuildConfiguration;
			buildSettings = {
				ALWAYS_EMBED_SWIFT_STANDARD_LIBRARIES = YES;
				BUNDLE_LOADER = "$(TEST_HOST)";
				INFOPLIST_FILE = PokeDex3Tests/Info.plist;
				LD_RUNPATH_SEARCH_PATHS = "$(inherited) @executable_path/Frameworks @loader_path/Frameworks";
				PRODUCT_BUNDLE_IDENTIFIER = com.Mcraf.PokeDex3Tests;
				PRODUCT_NAME = "$(TARGET_NAME)";
				SWIFT_VERSION = 3.0;
				TEST_HOST = "$(BUILT_PRODUCTS_DIR)/PokeDex3.app/PokeDex3";
			};
			name = Debug;
		};
		885F249F1E21682800A2DD6C /* Release */ = {
			isa = XCBuildConfiguration;
			buildSettings = {
				ALWAYS_EMBED_SWIFT_STANDARD_LIBRARIES = YES;
				BUNDLE_LOADER = "$(TEST_HOST)";
				INFOPLIST_FILE = PokeDex3Tests/Info.plist;
				LD_RUNPATH_SEARCH_PATHS = "$(inherited) @executable_path/Frameworks @loader_path/Frameworks";
				PRODUCT_BUNDLE_IDENTIFIER = com.Mcraf.PokeDex3Tests;
				PRODUCT_NAME = "$(TARGET_NAME)";
				SWIFT_VERSION = 3.0;
				TEST_HOST = "$(BUILT_PRODUCTS_DIR)/PokeDex3.app/PokeDex3";
			};
			name = Release;
		};
		885F24A11E21682800A2DD6C /* Debug */ = {
			isa = XCBuildConfiguration;
			buildSettings = {
				ALWAYS_EMBED_SWIFT_STANDARD_LIBRARIES = YES;
				INFOPLIST_FILE = PokeDex3UITests/Info.plist;
				LD_RUNPATH_SEARCH_PATHS = "$(inherited) @executable_path/Frameworks @loader_path/Frameworks";
				PRODUCT_BUNDLE_IDENTIFIER = com.Mcraf.PokeDex3UITests;
				PRODUCT_NAME = "$(TARGET_NAME)";
				SWIFT_VERSION = 3.0;
				TEST_TARGET_NAME = PokeDex3;
			};
			name = Debug;
		};
		885F24A21E21682800A2DD6C /* Release */ = {
			isa = XCBuildConfiguration;
			buildSettings = {
				ALWAYS_EMBED_SWIFT_STANDARD_LIBRARIES = YES;
				INFOPLIST_FILE = PokeDex3UITests/Info.plist;
				LD_RUNPATH_SEARCH_PATHS = "$(inherited) @executable_path/Frameworks @loader_path/Frameworks";
				PRODUCT_BUNDLE_IDENTIFIER = com.Mcraf.PokeDex3UITests;
				PRODUCT_NAME = "$(TARGET_NAME)";
				SWIFT_VERSION = 3.0;
				TEST_TARGET_NAME = PokeDex3;
			};
			name = Release;
		};
/* End XCBuildConfiguration section */

/* Begin XCConfigurationList section */
		885F246D1E21682800A2DD6C /* Build configuration list for PBXProject "PokeDex3" */ = {
			isa = XCConfigurationList;
			buildConfigurations = (
				885F24981E21682800A2DD6C /* Debug */,
				885F24991E21682800A2DD6C /* Release */,
			);
			defaultConfigurationIsVisible = 0;
			defaultConfigurationName = Release;
		};
		885F249A1E21682800A2DD6C /* Build configuration list for PBXNativeTarget "PokeDex3" */ = {
			isa = XCConfigurationList;
			buildConfigurations = (
				885F249B1E21682800A2DD6C /* Debug */,
				885F249C1E21682800A2DD6C /* Release */,
			);
			defaultConfigurationIsVisible = 0;
		};
		885F249D1E21682800A2DD6C /* Build configuration list for PBXNativeTarget "PokeDex3Tests" */ = {
			isa = XCConfigurationList;
			buildConfigurations = (
				885F249E1E21682800A2DD6C /* Debug */,
				885F249F1E21682800A2DD6C /* Release */,
			);
			defaultConfigurationIsVisible = 0;
		};
		885F24A01E21682800A2DD6C /* Build configuration list for PBXNativeTarget "PokeDex3UITests" */ = {
			isa = XCConfigurationList;
			buildConfigurations = (
				885F24A11E21682800A2DD6C /* Debug */,
				885F24A21E21682800A2DD6C /* Release */,
			);
			defaultConfigurationIsVisible = 0;
		};
/* End XCConfigurationList section */
	};
	rootObject = 885F246A1E21682800A2DD6C /* Project object */;
}
